# This file is automatically @generated by Cargo.
# It is not intended for manual editing.
version = 3

[[package]]
name = "arrayvec"
version = "0.7.2"
source = "registry+https://github.com/rust-lang/crates.io-index"
checksum = "8da52d66c7071e2e3fa2a1e5c6d088fec47b593032b254f5e980de8ea54454d6"

[[package]]
name = "autocfg"
version = "1.1.0"
source = "registry+https://github.com/rust-lang/crates.io-index"
checksum = "d468802bab17cbc0cc575e9b053f41e72aa36bfa6b7f55e3529ffa43161b97fa"

[[package]]
name = "bitflags"
version = "2.3.0"
source = "registry+https://github.com/rust-lang/crates.io-index"
checksum = "0f6b0c9ebae276e207a3e4e989ed9f3be8b7ce8728b80629c98c21d27742e6ba"

[[package]]
name = "btoi"
version = "0.4.3"
source = "registry+https://github.com/rust-lang/crates.io-index"
checksum = "9dd6407f73a9b8b6162d8a2ef999fe6afd7cc15902ebf42c5cd296addf17e0ad"
dependencies = [
 "num-traits",
]

[[package]]
name = "cc"
version = "1.0.79"
source = "registry+https://github.com/rust-lang/crates.io-index"
checksum = "50d30906286121d95be3d479533b458f87493b30a4b5f79a607db8f5d11aa91f"
dependencies = [
 "jobserver",
]

[[package]]
name = "circular"
version = "0.3.0"
source = "registry+https://github.com/rust-lang/crates.io-index"
checksum = "b0fc239e0f6cb375d2402d48afb92f76f5404fd1df208a41930ec81eda078bea"

[[package]]
name = "csv"
version = "1.2.1"
source = "registry+https://github.com/rust-lang/crates.io-index"
checksum = "0b015497079b9a9d69c02ad25de6c0a6edef051ea6360a327d0bd05802ef64ad"
dependencies = [
 "csv-core",
 "itoa",
 "ryu",
 "serde",
]

[[package]]
name = "csv-core"
version = "0.1.10"
source = "registry+https://github.com/rust-lang/crates.io-index"
checksum = "2b2466559f260f48ad25fe6317b3c8dac77b5bdb5763ac7d9d6103530663bc90"
dependencies = [
 "memchr",
]

[[package]]
name = "itoa"
version = "1.0.6"
source = "registry+https://github.com/rust-lang/crates.io-index"
checksum = "453ad9f582a441959e5f0d088b02ce04cfe8d51a8eaf077f12ac6d3e94164ca6"

[[package]]
name = "jobserver"
version = "0.1.26"
source = "registry+https://github.com/rust-lang/crates.io-index"
checksum = "936cfd212a0155903bcbc060e316fb6cc7cbf2e1907329391ebadc1fe0ce77c2"
dependencies = [
 "libc",
]

[[package]]
name = "libc"
version = "0.2.144"
source = "registry+https://github.com/rust-lang/crates.io-index"
checksum = "2b00cc1c228a6782d0f076e7b232802e0c5689d41bb5df366f2a6b6621cfdfe1"

[[package]]
name = "memchr"
version = "2.5.0"
source = "registry+https://github.com/rust-lang/crates.io-index"
checksum = "2dffe52ecf27772e601905b7522cb4ef790d2cc203488bbd0e2fe85fcb74566d"

[[package]]
name = "num-traits"
version = "0.2.15"
source = "registry+https://github.com/rust-lang/crates.io-index"
checksum = "578ede34cf02f8924ab9447f50c28075b4d3e5b269972345e7e0372b38c6cdcd"
dependencies = [
 "autocfg",
]

[[package]]
name = "pgn-reader"
version = "0.24.0"
source = "registry+https://github.com/rust-lang/crates.io-index"
checksum = "15653dd80064f41e672f94292cc4f31bbf93b74d5ea041340af279ff1e422720"
dependencies = [
 "btoi",
 "circular",
 "memchr",
 "shakmaty",
]

[[package]]
name = "pgn_to_csv"
version = "0.1.0"
dependencies = [
 "csv",
 "pgn-reader",
 "zstd",
]

[[package]]
name = "pkg-config"
version = "0.3.27"
source = "registry+https://github.com/rust-lang/crates.io-index"
checksum = "26072860ba924cbfa98ea39c8c19b4dd6a4a25423dbdf219c1eca91aa0cf6964"

[[package]]
name = "ryu"
version = "1.0.13"
source = "registry+https://github.com/rust-lang/crates.io-index"
checksum = "f91339c0467de62360649f8d3e185ca8de4224ff281f66000de5eb2a77a79041"

[[package]]
name = "serde"
version = "1.0.163"
source = "registry+https://github.com/rust-lang/crates.io-index"
checksum = "2113ab51b87a539ae008b5c6c02dc020ffa39afd2d83cffcb3f4eb2722cebec2"

[[package]]
name = "shakmaty"
version = "0.25.0"
source = "registry+https://github.com/rust-lang/crates.io-index"
checksum = "3423f7235d679251bb3a4014ab286d3a724efa130a3ac00d4e85916231f5ed30"
dependencies = [
 "arrayvec",
 "bitflags",
 "btoi",
]

[[package]]
name = "zstd"
version = "0.12.3+zstd.1.5.2"
source = "registry+https://github.com/rust-lang/crates.io-index"
checksum = "76eea132fb024e0e13fd9c2f5d5d595d8a967aa72382ac2f9d39fcc95afd0806"
dependencies = [
 "zstd-safe",
]

[[package]]
name = "zstd-safe"
version = "6.0.5+zstd.1.5.4"
source = "registry+https://github.com/rust-lang/crates.io-index"
checksum = "d56d9e60b4b1758206c238a10165fbcae3ca37b01744e394c463463f6529d23b"
dependencies = [
 "libc",
 "zstd-sys",
]

[[package]]
name = "zstd-sys"
version = "2.0.8+zstd.1.5.5"
source = "registry+https://github.com/rust-lang/crates.io-index"
checksum = "5556e6ee25d32df2586c098bbfa278803692a20d0ab9565e049480d52707ec8c"
dependencies = [
 "cc",
 "libc",
 "pkg-config",
]
